// !$*UTF8*$!
{
	archiveVersion = 1;
	classes = {
	};
	objectVersion = 46;
	objects = {

/* Begin PBXBuildFile section */
		EBD806D9197B8DB700E8A2A2 /* Images.xcassets in Resources */ = {isa = PBXBuildFile; fileRef = EBD806D8197B8DB700E8A2A2 /* Images.xcassets */; };
		EBDB1FD719CBA76300DBDC87 /* AppDelegate.swift in Sources */ = {isa = PBXBuildFile; fileRef = EBDB1FD519CBA76300DBDC87 /* AppDelegate.swift */; };
		EBDB1FD819CBA76300DBDC87 /* ViewController.swift in Sources */ = {isa = PBXBuildFile; fileRef = EBDB1FD619CBA76300DBDC87 /* ViewController.swift */; };
		EBDB1FDB19CBA76A00DBDC87 /* Main.storyboard in Resources */ = {isa = PBXBuildFile; fileRef = EBDB1FD919CBA76A00DBDC87 /* Main.storyboard */; };
/* End PBXBuildFile section */

/* Begin PBXFileReference section */
		EBD806CC197B8DB700E8A2A2 /* WebProtoView.app */ = {isa = PBXFileReference; explicitFileType = wrapper.application; includeInIndex = 0; path = WebProtoView.app; sourceTree = BUILT_PRODUCTS_DIR; };
		EBD806D0197B8DB700E8A2A2 /* Info.plist */ = {isa = PBXFileReference; lastKnownFileType = text.plist.xml; path = Info.plist; sourceTree = "<group>"; };
		EBD806D8197B8DB700E8A2A2 /* Images.xcassets */ = {isa = PBXFileReference; lastKnownFileType = folder.assetcatalog; path = Images.xcassets; sourceTree = "<group>"; };
		EBDB1FD519CBA76300DBDC87 /* AppDelegate.swift */ = {isa = PBXFileReference; fileEncoding = 4; lastKnownFileType = sourcecode.swift; path = AppDelegate.swift; sourceTree = "<group>"; };
		EBDB1FD619CBA76300DBDC87 /* ViewController.swift */ = {isa = PBXFileReference; fileEncoding = 4; lastKnownFileType = sourcecode.swift; path = ViewController.swift; sourceTree = "<group>"; };
		EBDB1FDA19CBA76A00DBDC87 /* Base */ = {isa = PBXFileReference; lastKnownFileType = file.storyboard; name = Base; path = Base.lproj/Main.storyboard; sourceTree = "<group>"; };
/* End PBXFileReference section */

/* Begin PBXFrameworksBuildPhase section */
		EBD806C9197B8DB700E8A2A2 /* Frameworks */ = {
			isa = PBXFrameworksBuildPhase;
			buildActionMask = 2147483647;
			files = (
			);
			runOnlyForDeploymentPostprocessing = 0;
		};
/* End PBXFrameworksBuildPhase section */

/* Begin PBXGroup section */
		EBD806C3197B8DB700E8A2A2 = {
			isa = PBXGroup;
			children = (
				EBD806CE197B8DB700E8A2A2 /* WebProtoView */,
				EBD806CD197B8DB700E8A2A2 /* Products */,
			);
			sourceTree = "<group>";
		};
		EBD806CD197B8DB700E8A2A2 /* Products */ = {
			isa = PBXGroup;
			children = (
				EBD806CC197B8DB700E8A2A2 /* WebProtoView.app */,
			);
			name = Products;
			sourceTree = "<group>";
		};
		EBD806CE197B8DB700E8A2A2 /* WebProtoView */ = {
			isa = PBXGroup;
			children = (
				EBDB1FD519CBA76300DBDC87 /* AppDelegate.swift */,
				EBDB1FD619CBA76300DBDC87 /* ViewController.swift */,
				EBDB1FD919CBA76A00DBDC87 /* Main.storyboard */,
				EBD806D8197B8DB700E8A2A2 /* Images.xcassets */,
				EBD806D0197B8DB700E8A2A2 /* Info.plist */,
			);
			path = WebProtoView;
			sourceTree = "<group>";
		};
/* End PBXGroup section */

/* Begin PBXNativeTarget section */
		EBD806CB197B8DB700E8A2A2 /* WebProtoView */ = {
			isa = PBXNativeTarget;
			buildConfigurationList = EBD806E8197B8DB700E8A2A2 /* Build configuration list for PBXNativeTarget "WebProtoView" */;
			buildPhases = (
				EBD806C8197B8DB700E8A2A2 /* Sources */,
				EBD806C9197B8DB700E8A2A2 /* Frameworks */,
				EBD806CA197B8DB700E8A2A2 /* Resources */,
			);
			buildRules = (
			);
			dependencies = (
			);
			name = WebProtoView;
			productName = Flow;
			productReference = EBD806CC197B8DB700E8A2A2 /* WebProtoView.app */;
			productType = "com.apple.product-type.application";
		};
/* End PBXNativeTarget section */

/* Begin PBXProject section */
		EBD806C4197B8DB700E8A2A2 /* Project object */ = {
			isa = PBXProject;
			attributes = {
				LastUpgradeCheck = 0600;
				ORGANIZATIONNAME = "Khan Academy";
				TargetAttributes = {
					EBD806CB197B8DB700E8A2A2 = {
						CreatedOnToolsVersion = 6.0;
						DevelopmentTeam = VAEW37C5T2;
					};
				};
			};
			buildConfigurationList = EBD806C7197B8DB700E8A2A2 /* Build configuration list for PBXProject "WebProtoView" */;
			compatibilityVersion = "Xcode 3.2";
			developmentRegion = English;
			hasScannedForEncodings = 0;
			knownRegions = (
				en,
				Base,
			);
			mainGroup = EBD806C3197B8DB700E8A2A2;
			productRefGroup = EBD806CD197B8DB700E8A2A2 /* Products */;
			projectDirPath = "";
			projectRoot = "";
			targets = (
				EBD806CB197B8DB700E8A2A2 /* WebProtoView */,
			);
		};
/* End PBXProject section */

/* Begin PBXResourcesBuildPhase section */
		EBD806CA197B8DB700E8A2A2 /* Resources */ = {
			isa = PBXResourcesBuildPhase;
			buildActionMask = 2147483647;
			files = (
				EBD806D9197B8DB700E8A2A2 /* Images.xcassets in Resources */,
				EBDB1FDB19CBA76A00DBDC87 /* Main.storyboard in Resources */,
			);
			runOnlyForDeploymentPostprocessing = 0;
		};
/* End PBXResourcesBuildPhase section */

/* Begin PBXSourcesBuildPhase section */
		EBD806C8197B8DB700E8A2A2 /* Sources */ = {
			isa = PBXSourcesBuildPhase;
			buildActionMask = 2147483647;
			files = (
				EBDB1FD819CBA76300DBDC87 /* ViewController.swift in Sources */,
				EBDB1FD719CBA76300DBDC87 /* AppDelegate.swift in Sources */,
			);
			runOnlyForDeploymentPostprocessing = 0;
		};
/* End PBXSourcesBuildPhase section */

/* Begin PBXVariantGroup section */
		EBDB1FD919CBA76A00DBDC87 /* Main.storyboard */ = {
			isa = PBXVariantGroup;
			children = (
				EBDB1FDA19CBA76A00DBDC87 /* Base */,
			);
			name = Main.storyboard;
			sourceTree = "<group>";
		};
/* End PBXVariantGroup section */

/* Begin XCBuildConfiguration section */
		EBD806E6197B8DB700E8A2A2 /* Debug */ = {
			isa = XCBuildConfiguration;
			buildSettings = {
				ALWAYS_SEARCH_USER_PATHS = NO;
				CLANG_CXX_LANGUAGE_STANDARD = "gnu++0x";
				CLANG_CXX_LIBRARY = "libc++";
				CLANG_ENABLE_MODULES = YES;
				CLANG_ENABLE_OBJC_ARC = YES;
				CLANG_WARN_BOOL_CONVERSION = YES;
				CLANG_WARN_CONSTANT_CONVERSION = YES;
				CLANG_WARN_DIRECT_OBJC_ISA_USAGE = YES_ERROR;
				CLANG_WARN_EMPTY_BODY = YES;
				CLANG_WARN_ENUM_CONVERSION = YES;
				CLANG_WARN_INT_CONVERSION = YES;
				CLANG_WARN_OBJC_ROOT_CLASS = YES_ERROR;
				CLANG_WARN_UNREACHABLE_CODE = YES;
				CLANG_WARN__DUPLICATE_METHOD_MATCH = YES;
				"CODE_SIGN_IDENTITY[sdk=iphoneos*]" = "iPhone Developer";
				COPY_PHASE_STRIP = NO;
				ENABLE_STRICT_OBJC_MSGSEND = YES;
				GCC_C_LANGUAGE_STANDARD = gnu99;
				GCC_DYNAMIC_NO_PIC = NO;
				GCC_OPTIMIZATION_LEVEL = 0;
				GCC_PREPROCESSOR_DEFINITIONS = (
					"DEBUG=1",
					"$(inherited)",
				);
				GCC_SYMBOLS_PRIVATE_EXTERN = NO;
				GCC_WARN_64_TO_32_BIT_CONVERSION = YES;
				GCC_WARN_ABOUT_RETURN_TYPE = YES_ERROR;
				GCC_WARN_UNDECLARED_SELECTOR = YES;
				GCC_WARN_UNINITIALIZED_AUTOS = YES_AGGRESSIVE;
				GCC_WARN_UNUSED_FUNCTION = YES;
				GCC_WARN_UNUSED_VARIABLE = YES;
				IPHONEOS_DEPLOYMENT_TARGET = 8.0;
				MTL_ENABLE_DEBUG_INFO = YES;
				ONLY_ACTIVE_ARCH = YES;
				SDKROOT = iphoneos;
				SWIFT_OPTIMIZATION_LEVEL = "-Onone";
				TARGETED_DEVICE_FAMILY = 2;
			};
			name = Debug;
		};
		EBD806E7197B8DB700E8A2A2 /* Release */ = {
			isa = XCBuildConfiguration;
			buildSettings = {
				ALWAYS_SEARCH_USER_PATHS = NO;
				CLANG_CXX_LANGUAGE_STANDARD = "gnu++0x";
				CLANG_CXX_LIBRARY = "libc++";
				CLANG_ENABLE_MODULES = YES;
				CLANG_ENABLE_OBJC_ARC = YES;
				CLANG_WARN_BOOL_CONVERSION = YES;
				CLANG_WARN_CONSTANT_CONVERSION = YES;
				CLANG_WARN_DIRECT_OBJC_ISA_USAGE = YES_ERROR;
				CLANG_WARN_EMPTY_BODY = YES;
				CLANG_WARN_ENUM_CONVERSION = YES;
				CLANG_WARN_INT_CONVERSION = YES;
				CLANG_WARN_OBJC_ROOT_CLASS = YES_ERROR;
				CLANG_WARN_UNREACHABLE_CODE = YES;
				CLANG_WARN__DUPLICATE_METHOD_MATCH = YES;
				"CODE_SIGN_IDENTITY[sdk=iphoneos*]" = "iPhone Developer";
				COPY_PHASE_STRIP = YES;
				ENABLE_NS_ASSERTIONS = NO;
				ENABLE_STRICT_OBJC_MSGSEND = YES;
				GCC_C_LANGUAGE_STANDARD = gnu99;
				GCC_WARN_64_TO_32_BIT_CONVERSION = YES;
				GCC_WARN_ABOUT_RETURN_TYPE = YES_ERROR;
				GCC_WARN_UNDECLARED_SELECTOR = YES;
				GCC_WARN_UNINITIALIZED_AUTOS = YES_AGGRESSIVE;
				GCC_WARN_UNUSED_FUNCTION = YES;
				GCC_WARN_UNUSED_VARIABLE = YES;
				IPHONEOS_DEPLOYMENT_TARGET = 8.0;
				MTL_ENABLE_DEBUG_INFO = NO;
				SDKROOT = iphoneos;
				TARGETED_DEVICE_FAMILY = 2;
				VALIDATE_PRODUCT = YES;
			};
			name = Release;
		};
		EBD806E9197B8DB700E8A2A2 /* Debug */ = {
			isa = XCBuildConfiguration;
			buildSettings = {
				ASSETCATALOG_COMPILER_APPICON_NAME = AppIcon;
				ASSETCATALOG_COMPILER_LAUNCHIMAGE_NAME = LaunchImage;
				CLANG_ENABLE_MODULES = YES;
				CODE_SIGN_IDENTITY = "iPhone Developer";
				INFOPLIST_FILE = WebProtoView/Info.plist;
				IPHONEOS_DEPLOYMENT_TARGET = 7.1;
				LD_RUNPATH_SEARCH_PATHS = "$(inherited) @executable_path/Frameworks";
				PRODUCT_NAME = WebProtoView;
				SWIFT_OPTIMIZATION_LEVEL = "-Onone";
			};
			name = Debug;
		};
		EBD806EA197B8DB700E8A2A2 /* Release */ = {
			isa = XCBuildConfiguration;
			buildSettings = {
				ASSETCATALOG_COMPILER_APPICON_NAME = AppIcon;
				ASSETCATALOG_COMPILER_LAUNCHIMAGE_NAME = LaunchImage;
				CLANG_ENABLE_MODULES = YES;
				CODE_SIGN_IDENTITY = "iPhone Developer";
				INFOPLIST_FILE = WebProtoView/Info.plist;
				IPHONEOS_DEPLOYMENT_TARGET = 7.1;
				LD_RUNPATH_SEARCH_PATHS = "$(inherited) @executable_path/Frameworks";
				PRODUCT_NAME = WebProtoView;
			};
			name = Release;
		};
/* End XCBuildConfiguration section */

/* Begin XCConfigurationList section */
		EBD806C7197B8DB700E8A2A2 /* Build configuration list for PBXProject "WebProtoView" */ = {
			isa = XCConfigurationList;
			buildConfigurations = (
				EBD806E6197B8DB700E8A2A2 /* Debug */,
				EBD806E7197B8DB700E8A2A2 /* Release */,
			);
			defaultConfigurationIsVisible = 0;
			defaultConfigurationName = Release;
		};
		EBD806E8197B8DB700E8A2A2 /* Build configuration list for PBXNativeTarget "WebProtoView" */ = {
			isa = XCConfigurationList;
			buildConfigurations = (
				EBD806E9197B8DB700E8A2A2 /* Debug */,
				EBD806EA197B8DB700E8A2A2 /* Release */,
			);
			defaultConfigurationIsVisible = 0;
			defaultConfigurationName = Release;
		};
/* End XCConfigurationList section */
	};
	rootObject = EBD806C4197B8DB700E8A2A2 /* Project object */;
}
